<?xml version="1.0" encoding="utf-8"?>
<Project ToolsVersion="4.0" xmlns="http://schemas.microsoft.com/developer/msbuild/2003">
  <ItemGroup>
    <Filter Include="Source Files">
      <UniqueIdentifier>{4FC737F1-C7A5-4376-A066-2A32D752A2FF}</UniqueIdentifier>
      <Extensions>cpp;c;cc;cxx;def;odl;idl;hpj;bat;asm;asmx</Extensions>
    </Filter>
    <Filter Include="Header Files">
      <UniqueIdentifier>{93995380-89BD-4b04-88EB-625FBE52EBFB}</UniqueIdentifier>
      <Extensions>h;hh;hpp;hxx;hm;inl;inc;xsd</Extensions>
    </Filter>
    <Filter Include="Resource Files">
      <UniqueIdentifier>{67DA6AB6-F800-4c08-8B7A-83BB121AAD01}</UniqueIdentifier>
      <Extensions>rc;ico;cur;bmp;dlg;rc2;rct;bin;rgs;gif;jpg;jpeg;jpe;resx;tiff;tif;png;wav;mfcribbon-ms</Extensions>
    </Filter>
    <Filter Include="Config_Examples">
      <UniqueIdentifier>{07c383cf-813a-4bd4-a9b5-ea7a612529c6}</UniqueIdentifier>
    </Filter>
  </ItemGroup>
  <ItemGroup>
    <ClCompile Include="MedModel.cpp">
      <Filter>Source Files</Filter>
    </ClCompile>
    <ClCompile Include="CrossValidation.cpp">
      <Filter>Source Files</Filter>
    </ClCompile>
    <ClCompile Include="MedValueCleaner.cpp">
      <Filter>Source Files</Filter>
    </ClCompile>
    <ClCompile Include="MedFeatures.cpp">
      <Filter>Source Files</Filter>
    </ClCompile>
    <ClCompile Include="MedSamples.cpp">
      <Filter>Source Files</Filter>
    </ClCompile>
    <ClCompile Include="SampleFilter.cpp">
      <Filter>Source Files</Filter>
    </ClCompile>
    <ClCompile Include="MedProcessUtils.cpp">
      <Filter>Source Files</Filter>
    </ClCompile>
    <ClCompile Include="RepProcess.cpp">
      <Filter>Source Files</Filter>
    </ClCompile>
    <ClCompile Include="FeatureProcess.cpp">
      <Filter>Source Files</Filter>
    </ClCompile>
    <ClCompile Include="FeatureGenerator.cpp">
      <Filter>Source Files</Filter>
    </ClCompile>
    <ClCompile Include="BinnedLmEstimates.cpp">
      <Filter>Source Files</Filter>
    </ClCompile>
    <ClCompile Include="SmokingGenerator.cpp">
      <Filter>Source Files</Filter>
    </ClCompile>
    <ClCompile Include="StripComments.cpp">
      <Filter>Source Files</Filter>
    </ClCompile>
    <ClCompile Include="DoCalcFeatProcessor.cpp">
      <Filter>Source Files</Filter>
    </ClCompile>
    <ClCompile Include="DrugIntakeGenerator.cpp">
      <Filter>Source Files</Filter>
    </ClCompile>
    <ClCompile Include="FeatureSelector.cpp">
      <Filter>Source Files</Filter>
    </ClCompile>
    <ClCompile Include="IterativeImputer.cpp">
      <Filter>Source Files</Filter>
    </ClCompile>
    <ClCompile Include="AlcoholGenerator.cpp">
      <Filter>Source Files</Filter>
    </ClCompile>
    <ClCompile Include="FeatureEncoder.cpp">
      <Filter>Source Files</Filter>
    </ClCompile>
    <ClCompile Include="MedModelInitFromJson.cpp">
      <Filter>Source Files</Filter>
    </ClCompile>
    <ClCompile Include="RepCalculators.cpp">
      <Filter>Source Files</Filter>
    </ClCompile>
    <ClCompile Include="Calibration.cpp">
      <Filter>Source Files</Filter>
    </ClCompile>
    <ClCompile Include="PanelCompleter.cpp">
      <Filter>Source Files</Filter>
    </ClCompile>
    <ClCompile Include="KpSmokingGenerator.cpp">
      <Filter>Source Files</Filter>
    </ClCompile>
    <ClCompile Include="IterativeSelector.cpp">
      <Filter>Source Files</Filter>
    </ClCompile>
    <ClCompile Include="RepCreateRegistry.cpp">
      <Filter>Source Files</Filter>
    </ClCompile>
    <ClCompile Include="CategoryDependencyGenerator.cpp">
      <Filter>Source Files</Filter>
    </ClCompile>
    <ClCompile Include="EmbeddingGenerator.cpp">
      <Filter>Source Files</Filter>
    </ClCompile>
    <ClCompile Include="PostProcessor.cpp">
      <Filter>Source Files</Filter>
    </ClCompile>
    <ClCompile Include="ExplainWrapper.cpp">
      <Filter>Source Files</Filter>
    </ClCompile>
  </ItemGroup>
  <ItemGroup>
    <ClInclude Include="MedFeatures.h">
      <Filter>Header Files</Filter>
    </ClInclude>
    <ClInclude Include="MedModel.h">
      <Filter>Header Files</Filter>
    </ClInclude>
    <ClInclude Include="SampleFilter.h">
      <Filter>Header Files</Filter>
    </ClInclude>
    <ClInclude Include="MedSamples.h">
      <Filter>Header Files</Filter>
    </ClInclude>
    <ClInclude Include="CrossValidator.h">
      <Filter>Header Files</Filter>
    </ClInclude>
    <ClInclude Include="MedProcessUtils.h">
      <Filter>Header Files</Filter>
    </ClInclude>
    <ClInclude Include="MedValueCleaner.h">
      <Filter>Header Files</Filter>
    </ClInclude>
    <ClInclude Include="RepProcess.h">
      <Filter>Header Files</Filter>
    </ClInclude>
    <ClInclude Include="FeatureProcess.h">
      <Filter>Header Files</Filter>
    </ClInclude>
    <ClInclude Include="FeatureGenerator.h">
      <Filter>Header Files</Filter>
    </ClInclude>
    <ClInclude Include="SmokingGenerator.h">
      <Filter>Header Files</Filter>
    </ClInclude>
    <ClInclude Include="StripComments.h">
      <Filter>Header Files</Filter>
    </ClInclude>
    <ClInclude Include="DoCalcFeatProcessor.h">
      <Filter>Header Files</Filter>
    </ClInclude>
    <ClInclude Include="DrugIntakeGenerator.h">
      <Filter>Header Files</Filter>
    </ClInclude>
    <ClInclude Include="IterativeImputer.h">
      <Filter>Header Files</Filter>
    </ClInclude>
    <ClInclude Include="AlcoholGenerator.h">
      <Filter>Header Files</Filter>
    </ClInclude>
    <ClInclude Include="MedModelExceptions.h">
      <Filter>Header Files</Filter>
    </ClInclude>
    <ClInclude Include="Calibration.h">
      <Filter>Header Files</Filter>
    </ClInclude>
    <ClInclude Include="KpSmokingGenerator.h">
      <Filter>Header Files</Filter>
    </ClInclude>
    <ClInclude Include="EmbeddingGenerator.h">
      <Filter>Header Files</Filter>
    </ClInclude>
    <ClInclude Include="PostProcessor.h">
      <Filter>Header Files</Filter>
    </ClInclude>
    <ClInclude Include="ExplainWrapper.h">
      <Filter>Header Files</Filter>
    </ClInclude>
  </ItemGroup>
  <ItemGroup>
    <None Include="..\Config_Examples\fragile_config.json">
      <Filter>Config_Examples</Filter>
    </None>
    <None Include="..\Config_Examples\signal_json_ranges.json">
      <Filter>Config_Examples</Filter>
    </None>
    <None Include="..\Config_Examples\chads2_config.json">
      <Filter>Config_Examples</Filter>
    </None>
    <None Include="..\Config_Examples\model_json_version2_example.json">
      <Filter>Config_Examples</Filter>
    </None>
    <None Include="..\Config_Examples\all.signals">
      <Filter>Config_Examples</Filter>
    </None>
    <None Include="..\Config_Examples\do_calc_example.json">
      <Filter>Config_Examples</Filter>
    </None>
    <None Include="..\Resources\thin_completion_metadata">
      <Filter>Resource Files</Filter>
    </None>
    <None Include="..\Config_Examples\samples_attributes.json">
      <Filter>Config_Examples</Filter>
    </None>
  </ItemGroup>
</Project>