
Microsoft Visual Studio Solution File, Format Version 12.00
# Visual Studio 15
VisualStudioVersion = 15.0.27703.2026
MinimumVisualStudioVersion = 10.0.40219.1
Project("{8BC9CEB8-8B4A-11D0-8D11-00A0C91BC942}") = "MedPyExport", "MedPyExport\MedPyExport.vcxproj", "{3FEBA2EB-312A-41EE-BA35-C6BD975F7CBF}"
EndProject
Project("{8BC9CEB8-8B4A-11D0-8D11-00A0C91BC942}") = "CommonLib", "..\..\..\Tools\MedProcessUtils\CommonLib\CommonLib.vcxproj", "{5D82F2D6-70B1-4D06-A8A4-3868859DD15B}"
EndProject
Global
	GlobalSection(SolutionConfigurationPlatforms) = preSolution
		Debug|x64 = Debug|x64
		Debug|x86 = Debug|x86
		Release|x64 = Release|x64
		Release|x86 = Release|x86
	EndGlobalSection
	GlobalSection(ProjectConfigurationPlatforms) = postSolution
		{3FEBA2EB-312A-41EE-BA35-C6BD975F7CBF}.Debug|x64.ActiveCfg = Debug|x64
		{3FEBA2EB-312A-41EE-BA35-C6BD975F7CBF}.Debug|x64.Build.0 = Debug|x64
		{3FEBA2EB-312A-41EE-BA35-C6BD975F7CBF}.Debug|x86.ActiveCfg = Debug|Win32
		{3FEBA2EB-312A-41EE-BA35-C6BD975F7CBF}.Debug|x86.Build.0 = Debug|Win32
		{3FEBA2EB-312A-41EE-BA35-C6BD975F7CBF}.Release|x64.ActiveCfg = Release|x64
		{3FEBA2EB-312A-41EE-BA35-C6BD975F7CBF}.Release|x64.Build.0 = Release|x64
		{3FEBA2EB-312A-41EE-BA35-C6BD975F7CBF}.Release|x86.ActiveCfg = Release|Win32
		{3FEBA2EB-312A-41EE-BA35-C6BD975F7CBF}.Release|x86.Build.0 = Release|Win32
		{5D82F2D6-70B1-4D06-A8A4-3868859DD15B}.Debug|x64.ActiveCfg = Debug|x64
		{5D82F2D6-70B1-4D06-A8A4-3868859DD15B}.Debug|x64.Build.0 = Debug|x64
		{5D82F2D6-70B1-4D06-A8A4-3868859DD15B}.Debug|x86.ActiveCfg = Debug|Win32
		{5D82F2D6-70B1-4D06-A8A4-3868859DD15B}.Debug|x86.Build.0 = Debug|Win32
		{5D82F2D6-70B1-4D06-A8A4-3868859DD15B}.Release|x64.ActiveCfg = Release|x64
		{5D82F2D6-70B1-4D06-A8A4-3868859DD15B}.Release|x64.Build.0 = Release|x64
		{5D82F2D6-70B1-4D06-A8A4-3868859DD15B}.Release|x86.ActiveCfg = Release|Win32
		{5D82F2D6-70B1-4D06-A8A4-3868859DD15B}.Release|x86.Build.0 = Release|Win32
	EndGlobalSection
	GlobalSection(SolutionProperties) = preSolution
		HideSolutionNode = FALSE
	EndGlobalSection
	GlobalSection(ExtensibilityGlobals) = postSolution
		SolutionGuid = {B04897CE-FED0-450C-A4AD-1FFF44C0B3DA}
	EndGlobalSection
EndGlobal
