<?xml version="1.0" encoding="utf-8"?>
<Project ToolsVersion="4.0" xmlns="http://schemas.microsoft.com/developer/msbuild/2003">
  <ItemGroup>
    <Filter Include="Source Files">
      <UniqueIdentifier>{4FC737F1-C7A5-4376-A066-2A32D752A2FF}</UniqueIdentifier>
      <Extensions>cpp;c;cc;cxx;def;odl;idl;hpj;bat;asm;asmx</Extensions>
    </Filter>
    <Filter Include="Header Files">
      <UniqueIdentifier>{93995380-89BD-4b04-88EB-625FBE52EBFB}</UniqueIdentifier>
      <Extensions>h;hh;hpp;hxx;hm;inl;inc;xsd</Extensions>
    </Filter>
    <Filter Include="Resource Files">
      <UniqueIdentifier>{67DA6AB6-F800-4c08-8B7A-83BB121AAD01}</UniqueIdentifier>
      <Extensions>rc;ico;cur;bmp;dlg;rc2;rct;bin;rgs;gif;jpg;jpeg;jpe;resx;tiff;tif;png;wav;mfcribbon-ms</Extensions>
    </Filter>
  </ItemGroup>
  <ItemGroup>
    <ClInclude Include="MedPyExport.h">
      <Filter>Header Files</Filter>
    </ClInclude>
    <ClInclude Include="MedPyCommon.h">
      <Filter>Header Files</Filter>
    </ClInclude>
    <ClInclude Include="MPPidRepository.h">
      <Filter>Header Files</Filter>
    </ClInclude>
    <ClInclude Include="MedPyExportExample.h">
      <Filter>Header Files</Filter>
    </ClInclude>
    <ClInclude Include="MPSigExporter.h">
      <Filter>Header Files</Filter>
    </ClInclude>
    <ClInclude Include="MPDictionary.h">
      <Filter>Header Files</Filter>
    </ClInclude>
    <ClInclude Include="MPModel.h">
      <Filter>Header Files</Filter>
    </ClInclude>
    <ClInclude Include="MPSplit.h">
      <Filter>Header Files</Filter>
    </ClInclude>
    <ClInclude Include="MPTime.h">
      <Filter>Header Files</Filter>
    </ClInclude>
    <ClInclude Include="MPFeatures.h">
      <Filter>Header Files</Filter>
    </ClInclude>
    <ClInclude Include="MPSamples.h">
      <Filter>Header Files</Filter>
    </ClInclude>
    <ClInclude Include="MPMat.h">
      <Filter>Header Files</Filter>
    </ClInclude>
    <ClInclude Include="MPSampleVecExporter.h">
      <Filter>Header Files</Filter>
    </ClInclude>
  </ItemGroup>
  <ItemGroup>
    <ClCompile Include="MedPyExport.cpp">
      <Filter>Source Files</Filter>
    </ClCompile>
    <ClCompile Include="MPPidRepository.cpp">
      <Filter>Source Files</Filter>
    </ClCompile>
    <ClCompile Include="MedPyExportExample.cpp">
      <Filter>Source Files</Filter>
    </ClCompile>
    <ClCompile Include="MedPyCommon.cpp">
      <Filter>Source Files</Filter>
    </ClCompile>
    <ClCompile Include="MPSigExporter.cpp">
      <Filter>Source Files</Filter>
    </ClCompile>
    <ClCompile Include="MPDictionary.cpp">
      <Filter>Source Files</Filter>
    </ClCompile>
    <ClCompile Include="MPModel.cpp">
      <Filter>Source Files</Filter>
    </ClCompile>
    <ClCompile Include="MPSplit.cpp">
      <Filter>Source Files</Filter>
    </ClCompile>
    <ClCompile Include="MPTime.cpp">
      <Filter>Source Files</Filter>
    </ClCompile>
    <ClCompile Include="MPFeatures.cpp">
      <Filter>Source Files</Filter>
    </ClCompile>
    <ClCompile Include="MPSamples.cpp">
      <Filter>Source Files</Filter>
    </ClCompile>
    <ClCompile Include="MPMat.cpp">
      <Filter>Source Files</Filter>
    </ClCompile>
    <ClCompile Include="MPSampleVecExporter.cpp">
      <Filter>Source Files</Filter>
    </ClCompile>
  </ItemGroup>
</Project>