
Microsoft Visual Studio Solution File, Format Version 12.00
# Visual Studio 15
VisualStudioVersion = 15.0.27703.2026
MinimumVisualStudioVersion = 10.0.40219.1
Project("{8BC9CEB8-8B4A-11D0-8D11-00A0C91BC942}") = "AlgoMarker", "AlgoMarker\AlgoMarker.vcxproj", "{4A62A6C3-A6C3-4CA8-A9E9-E716C5C8ACBE}"
EndProject
Project("{8BC9CEB8-8B4A-11D0-8D11-00A0C91BC942}") = "InternalAPITester", "InternalAPITester\InternalAPITester.vcxproj", "{50BDBEEC-B74B-4F94-8EAD-B58374C2C882}"
	ProjectSection(ProjectDependencies) = postProject
		{4A62A6C3-A6C3-4CA8-A9E9-E716C5C8ACBE} = {4A62A6C3-A6C3-4CA8-A9E9-E716C5C8ACBE}
	EndProjectSection
EndProject
Project("{8BC9CEB8-8B4A-11D0-8D11-00A0C91BC942}") = "DllAPITester", "DllAPITester\DllAPITester.vcxproj", "{E3165CD7-79FF-4648-B410-6DE690971F44}"
	ProjectSection(ProjectDependencies) = postProject
		{34778A51-2BC1-446D-B6FD-5629499C74B9} = {34778A51-2BC1-446D-B6FD-5629499C74B9}
		{4A62A6C3-A6C3-4CA8-A9E9-E716C5C8ACBE} = {4A62A6C3-A6C3-4CA8-A9E9-E716C5C8ACBE}
	EndProjectSection
EndProject
Project("{8BC9CEB8-8B4A-11D0-8D11-00A0C91BC942}") = "DynAMWrapper", "DynAMWrapper\DynAMWrapper.vcxproj", "{34778A51-2BC1-446D-B6FD-5629499C74B9}"
EndProject
Project("{8BC9CEB8-8B4A-11D0-8D11-00A0C91BC942}") = "AMApiTester", "AMApiTester\AMApiTester.vcxproj", "{797CE595-DDDD-4E14-8C76-53C49456C2D6}"
	ProjectSection(ProjectDependencies) = postProject
		{34778A51-2BC1-446D-B6FD-5629499C74B9} = {34778A51-2BC1-446D-B6FD-5629499C74B9}
		{AD4A26AE-D65D-4241-8A24-FFC1B7B0BBFD} = {AD4A26AE-D65D-4241-8A24-FFC1B7B0BBFD}
		{4A62A6C3-A6C3-4CA8-A9E9-E716C5C8ACBE} = {4A62A6C3-A6C3-4CA8-A9E9-E716C5C8ACBE}
	EndProjectSection
EndProject
Project("{8BC9CEB8-8B4A-11D0-8D11-00A0C91BC942}") = "SignalsSumAM", "SignalsSumAM\SignalsSumAM.vcxproj", "{5CCEC8A5-2E78-4545-B5CB-A5DE2966990E}"
EndProject
Project("{8BC9CEB8-8B4A-11D0-8D11-00A0C91BC942}") = "CommonTestingTools", "CommonTestingTools\CommonTestingTools.vcxproj", "{AD4A26AE-D65D-4241-8A24-FFC1B7B0BBFD}"
EndProject
Project("{8BC9CEB8-8B4A-11D0-8D11-00A0C91BC942}") = "ApplyTool", "ApplyTool\ApplyTool.vcxproj", "{C23FD0A0-9C4A-404D-8559-D6B015759F9B}"
	ProjectSection(ProjectDependencies) = postProject
		{34778A51-2BC1-446D-B6FD-5629499C74B9} = {34778A51-2BC1-446D-B6FD-5629499C74B9}
		{AD4A26AE-D65D-4241-8A24-FFC1B7B0BBFD} = {AD4A26AE-D65D-4241-8A24-FFC1B7B0BBFD}
		{4A62A6C3-A6C3-4CA8-A9E9-E716C5C8ACBE} = {4A62A6C3-A6C3-4CA8-A9E9-E716C5C8ACBE}
	EndProjectSection
EndProject
Project("{8BC9CEB8-8B4A-11D0-8D11-00A0C91BC942}") = "StressTest", "StressTest\StressTest.vcxproj", "{BDE94506-3D0B-459D-A138-82196E22916D}"
EndProject
Project("{8BC9CEB8-8B4A-11D0-8D11-00A0C91BC942}") = "MemroyLeak_Test", "MemroyLeak_Test\MemroyLeak_Test.vcxproj", "{A63690D1-4D3D-49BF-A26D-75B15ED18AE2}"
EndProject
Project("{8BC9CEB8-8B4A-11D0-8D11-00A0C91BC942}") = "AlpineCompitible", "AlpineCompitible\AlpineCompitible.vcxproj", "{1CE871A7-8270-4506-9BC2-5B85CE5C84E9}"
EndProject
Project("{8BC9CEB8-8B4A-11D0-8D11-00A0C91BC942}") = "TestLibSimple", "TestLibSimple\TestLibSimple.vcxproj", "{D6963B7B-D21E-40E8-B7FB-C0FE004933AA}"
EndProject
Global
	GlobalSection(SolutionConfigurationPlatforms) = preSolution
		Debug|x64 = Debug|x64
		Debug|x86 = Debug|x86
		Release|x64 = Release|x64
		Release|x86 = Release|x86
		ReleaseDLL|x64 = ReleaseDLL|x64
		ReleaseDLL|x86 = ReleaseDLL|x86
	EndGlobalSection
	GlobalSection(ProjectConfigurationPlatforms) = postSolution
		{4A62A6C3-A6C3-4CA8-A9E9-E716C5C8ACBE}.Debug|x64.ActiveCfg = Debug|x64
		{4A62A6C3-A6C3-4CA8-A9E9-E716C5C8ACBE}.Debug|x64.Build.0 = Debug|x64
		{4A62A6C3-A6C3-4CA8-A9E9-E716C5C8ACBE}.Debug|x86.ActiveCfg = Debug|Win32
		{4A62A6C3-A6C3-4CA8-A9E9-E716C5C8ACBE}.Debug|x86.Build.0 = Debug|Win32
		{4A62A6C3-A6C3-4CA8-A9E9-E716C5C8ACBE}.Release|x64.ActiveCfg = Release|x64
		{4A62A6C3-A6C3-4CA8-A9E9-E716C5C8ACBE}.Release|x64.Build.0 = Release|x64
		{4A62A6C3-A6C3-4CA8-A9E9-E716C5C8ACBE}.Release|x86.ActiveCfg = Release|Win32
		{4A62A6C3-A6C3-4CA8-A9E9-E716C5C8ACBE}.Release|x86.Build.0 = Release|Win32
		{4A62A6C3-A6C3-4CA8-A9E9-E716C5C8ACBE}.ReleaseDLL|x64.ActiveCfg = ReleaseDLL|x64
		{4A62A6C3-A6C3-4CA8-A9E9-E716C5C8ACBE}.ReleaseDLL|x64.Build.0 = ReleaseDLL|x64
		{4A62A6C3-A6C3-4CA8-A9E9-E716C5C8ACBE}.ReleaseDLL|x86.ActiveCfg = ReleaseDLL|Win32
		{4A62A6C3-A6C3-4CA8-A9E9-E716C5C8ACBE}.ReleaseDLL|x86.Build.0 = ReleaseDLL|Win32
		{50BDBEEC-B74B-4F94-8EAD-B58374C2C882}.Debug|x64.ActiveCfg = Debug|x64
		{50BDBEEC-B74B-4F94-8EAD-B58374C2C882}.Debug|x64.Build.0 = Debug|x64
		{50BDBEEC-B74B-4F94-8EAD-B58374C2C882}.Debug|x86.ActiveCfg = Debug|Win32
		{50BDBEEC-B74B-4F94-8EAD-B58374C2C882}.Debug|x86.Build.0 = Debug|Win32
		{50BDBEEC-B74B-4F94-8EAD-B58374C2C882}.Release|x64.ActiveCfg = Release|x64
		{50BDBEEC-B74B-4F94-8EAD-B58374C2C882}.Release|x64.Build.0 = Release|x64
		{50BDBEEC-B74B-4F94-8EAD-B58374C2C882}.Release|x86.ActiveCfg = Release|Win32
		{50BDBEEC-B74B-4F94-8EAD-B58374C2C882}.Release|x86.Build.0 = Release|Win32
		{50BDBEEC-B74B-4F94-8EAD-B58374C2C882}.ReleaseDLL|x64.ActiveCfg = Release|x64
		{50BDBEEC-B74B-4F94-8EAD-B58374C2C882}.ReleaseDLL|x86.ActiveCfg = ReleaseDLL|Win32
		{50BDBEEC-B74B-4F94-8EAD-B58374C2C882}.ReleaseDLL|x86.Build.0 = ReleaseDLL|Win32
		{E3165CD7-79FF-4648-B410-6DE690971F44}.Debug|x64.ActiveCfg = Debug|x64
		{E3165CD7-79FF-4648-B410-6DE690971F44}.Debug|x64.Build.0 = Debug|x64
		{E3165CD7-79FF-4648-B410-6DE690971F44}.Debug|x86.ActiveCfg = Debug|Win32
		{E3165CD7-79FF-4648-B410-6DE690971F44}.Debug|x86.Build.0 = Debug|Win32
		{E3165CD7-79FF-4648-B410-6DE690971F44}.Release|x64.ActiveCfg = Release|x64
		{E3165CD7-79FF-4648-B410-6DE690971F44}.Release|x64.Build.0 = Release|x64
		{E3165CD7-79FF-4648-B410-6DE690971F44}.Release|x86.ActiveCfg = Release|Win32
		{E3165CD7-79FF-4648-B410-6DE690971F44}.Release|x86.Build.0 = Release|Win32
		{E3165CD7-79FF-4648-B410-6DE690971F44}.ReleaseDLL|x64.ActiveCfg = ReleaseDLL|x64
		{E3165CD7-79FF-4648-B410-6DE690971F44}.ReleaseDLL|x64.Build.0 = ReleaseDLL|x64
		{E3165CD7-79FF-4648-B410-6DE690971F44}.ReleaseDLL|x86.ActiveCfg = Release|Win32
		{E3165CD7-79FF-4648-B410-6DE690971F44}.ReleaseDLL|x86.Build.0 = Release|Win32
		{34778A51-2BC1-446D-B6FD-5629499C74B9}.Debug|x64.ActiveCfg = Debug|x64
		{34778A51-2BC1-446D-B6FD-5629499C74B9}.Debug|x64.Build.0 = Debug|x64
		{34778A51-2BC1-446D-B6FD-5629499C74B9}.Debug|x86.ActiveCfg = Debug|Win32
		{34778A51-2BC1-446D-B6FD-5629499C74B9}.Debug|x86.Build.0 = Debug|Win32
		{34778A51-2BC1-446D-B6FD-5629499C74B9}.Release|x64.ActiveCfg = Release|x64
		{34778A51-2BC1-446D-B6FD-5629499C74B9}.Release|x64.Build.0 = Release|x64
		{34778A51-2BC1-446D-B6FD-5629499C74B9}.Release|x86.ActiveCfg = Release|Win32
		{34778A51-2BC1-446D-B6FD-5629499C74B9}.Release|x86.Build.0 = Release|Win32
		{34778A51-2BC1-446D-B6FD-5629499C74B9}.ReleaseDLL|x64.ActiveCfg = Release|x64
		{34778A51-2BC1-446D-B6FD-5629499C74B9}.ReleaseDLL|x64.Build.0 = Release|x64
		{34778A51-2BC1-446D-B6FD-5629499C74B9}.ReleaseDLL|x86.ActiveCfg = Release|Win32
		{34778A51-2BC1-446D-B6FD-5629499C74B9}.ReleaseDLL|x86.Build.0 = Release|Win32
		{797CE595-DDDD-4E14-8C76-53C49456C2D6}.Debug|x64.ActiveCfg = Debug|x64
		{797CE595-DDDD-4E14-8C76-53C49456C2D6}.Debug|x64.Build.0 = Debug|x64
		{797CE595-DDDD-4E14-8C76-53C49456C2D6}.Debug|x86.ActiveCfg = Debug|Win32
		{797CE595-DDDD-4E14-8C76-53C49456C2D6}.Debug|x86.Build.0 = Debug|Win32
		{797CE595-DDDD-4E14-8C76-53C49456C2D6}.Release|x64.ActiveCfg = Release|x64
		{797CE595-DDDD-4E14-8C76-53C49456C2D6}.Release|x64.Build.0 = Release|x64
		{797CE595-DDDD-4E14-8C76-53C49456C2D6}.Release|x86.ActiveCfg = Release|Win32
		{797CE595-DDDD-4E14-8C76-53C49456C2D6}.Release|x86.Build.0 = Release|Win32
		{797CE595-DDDD-4E14-8C76-53C49456C2D6}.ReleaseDLL|x64.ActiveCfg = Release|x64
		{797CE595-DDDD-4E14-8C76-53C49456C2D6}.ReleaseDLL|x64.Build.0 = Release|x64
		{797CE595-DDDD-4E14-8C76-53C49456C2D6}.ReleaseDLL|x86.ActiveCfg = Release|Win32
		{797CE595-DDDD-4E14-8C76-53C49456C2D6}.ReleaseDLL|x86.Build.0 = Release|Win32
		{5CCEC8A5-2E78-4545-B5CB-A5DE2966990E}.Debug|x64.ActiveCfg = Debug|x64
		{5CCEC8A5-2E78-4545-B5CB-A5DE2966990E}.Debug|x64.Build.0 = Debug|x64
		{5CCEC8A5-2E78-4545-B5CB-A5DE2966990E}.Debug|x86.ActiveCfg = Debug|Win32
		{5CCEC8A5-2E78-4545-B5CB-A5DE2966990E}.Debug|x86.Build.0 = Debug|Win32
		{5CCEC8A5-2E78-4545-B5CB-A5DE2966990E}.Release|x64.ActiveCfg = Release|x64
		{5CCEC8A5-2E78-4545-B5CB-A5DE2966990E}.Release|x64.Build.0 = Release|x64
		{5CCEC8A5-2E78-4545-B5CB-A5DE2966990E}.Release|x86.ActiveCfg = Release|Win32
		{5CCEC8A5-2E78-4545-B5CB-A5DE2966990E}.Release|x86.Build.0 = Release|Win32
		{5CCEC8A5-2E78-4545-B5CB-A5DE2966990E}.ReleaseDLL|x64.ActiveCfg = Release|x64
		{5CCEC8A5-2E78-4545-B5CB-A5DE2966990E}.ReleaseDLL|x64.Build.0 = Release|x64
		{5CCEC8A5-2E78-4545-B5CB-A5DE2966990E}.ReleaseDLL|x86.ActiveCfg = Release|Win32
		{5CCEC8A5-2E78-4545-B5CB-A5DE2966990E}.ReleaseDLL|x86.Build.0 = Release|Win32
		{AD4A26AE-D65D-4241-8A24-FFC1B7B0BBFD}.Debug|x64.ActiveCfg = Debug|x64
		{AD4A26AE-D65D-4241-8A24-FFC1B7B0BBFD}.Debug|x64.Build.0 = Debug|x64
		{AD4A26AE-D65D-4241-8A24-FFC1B7B0BBFD}.Debug|x86.ActiveCfg = Debug|Win32
		{AD4A26AE-D65D-4241-8A24-FFC1B7B0BBFD}.Debug|x86.Build.0 = Debug|Win32
		{AD4A26AE-D65D-4241-8A24-FFC1B7B0BBFD}.Release|x64.ActiveCfg = Release|x64
		{AD4A26AE-D65D-4241-8A24-FFC1B7B0BBFD}.Release|x64.Build.0 = Release|x64
		{AD4A26AE-D65D-4241-8A24-FFC1B7B0BBFD}.Release|x86.ActiveCfg = Release|Win32
		{AD4A26AE-D65D-4241-8A24-FFC1B7B0BBFD}.Release|x86.Build.0 = Release|Win32
		{AD4A26AE-D65D-4241-8A24-FFC1B7B0BBFD}.ReleaseDLL|x64.ActiveCfg = Release|x64
		{AD4A26AE-D65D-4241-8A24-FFC1B7B0BBFD}.ReleaseDLL|x64.Build.0 = Release|x64
		{AD4A26AE-D65D-4241-8A24-FFC1B7B0BBFD}.ReleaseDLL|x86.ActiveCfg = Release|Win32
		{AD4A26AE-D65D-4241-8A24-FFC1B7B0BBFD}.ReleaseDLL|x86.Build.0 = Release|Win32
		{C23FD0A0-9C4A-404D-8559-D6B015759F9B}.Debug|x64.ActiveCfg = Debug|x64
		{C23FD0A0-9C4A-404D-8559-D6B015759F9B}.Debug|x64.Build.0 = Debug|x64
		{C23FD0A0-9C4A-404D-8559-D6B015759F9B}.Debug|x86.ActiveCfg = Debug|Win32
		{C23FD0A0-9C4A-404D-8559-D6B015759F9B}.Debug|x86.Build.0 = Debug|Win32
		{C23FD0A0-9C4A-404D-8559-D6B015759F9B}.Release|x64.ActiveCfg = Release|x64
		{C23FD0A0-9C4A-404D-8559-D6B015759F9B}.Release|x64.Build.0 = Release|x64
		{C23FD0A0-9C4A-404D-8559-D6B015759F9B}.Release|x86.ActiveCfg = Release|Win32
		{C23FD0A0-9C4A-404D-8559-D6B015759F9B}.Release|x86.Build.0 = Release|Win32
		{C23FD0A0-9C4A-404D-8559-D6B015759F9B}.ReleaseDLL|x64.ActiveCfg = Release|x64
		{C23FD0A0-9C4A-404D-8559-D6B015759F9B}.ReleaseDLL|x64.Build.0 = Release|x64
		{C23FD0A0-9C4A-404D-8559-D6B015759F9B}.ReleaseDLL|x86.ActiveCfg = Release|Win32
		{C23FD0A0-9C4A-404D-8559-D6B015759F9B}.ReleaseDLL|x86.Build.0 = Release|Win32
		{BDE94506-3D0B-459D-A138-82196E22916D}.Debug|x64.ActiveCfg = Debug|x64
		{BDE94506-3D0B-459D-A138-82196E22916D}.Debug|x64.Build.0 = Debug|x64
		{BDE94506-3D0B-459D-A138-82196E22916D}.Debug|x86.ActiveCfg = Debug|Win32
		{BDE94506-3D0B-459D-A138-82196E22916D}.Debug|x86.Build.0 = Debug|Win32
		{BDE94506-3D0B-459D-A138-82196E22916D}.Release|x64.ActiveCfg = Release|x64
		{BDE94506-3D0B-459D-A138-82196E22916D}.Release|x64.Build.0 = Release|x64
		{BDE94506-3D0B-459D-A138-82196E22916D}.Release|x86.ActiveCfg = Release|Win32
		{BDE94506-3D0B-459D-A138-82196E22916D}.Release|x86.Build.0 = Release|Win32
		{BDE94506-3D0B-459D-A138-82196E22916D}.ReleaseDLL|x64.ActiveCfg = Release|x64
		{BDE94506-3D0B-459D-A138-82196E22916D}.ReleaseDLL|x64.Build.0 = Release|x64
		{BDE94506-3D0B-459D-A138-82196E22916D}.ReleaseDLL|x86.ActiveCfg = Release|Win32
		{BDE94506-3D0B-459D-A138-82196E22916D}.ReleaseDLL|x86.Build.0 = Release|Win32
		{A63690D1-4D3D-49BF-A26D-75B15ED18AE2}.Debug|x64.ActiveCfg = Debug|x64
		{A63690D1-4D3D-49BF-A26D-75B15ED18AE2}.Debug|x64.Build.0 = Debug|x64
		{A63690D1-4D3D-49BF-A26D-75B15ED18AE2}.Debug|x86.ActiveCfg = Debug|Win32
		{A63690D1-4D3D-49BF-A26D-75B15ED18AE2}.Debug|x86.Build.0 = Debug|Win32
		{A63690D1-4D3D-49BF-A26D-75B15ED18AE2}.Release|x64.ActiveCfg = Release|x64
		{A63690D1-4D3D-49BF-A26D-75B15ED18AE2}.Release|x64.Build.0 = Release|x64
		{A63690D1-4D3D-49BF-A26D-75B15ED18AE2}.Release|x86.ActiveCfg = Release|Win32
		{A63690D1-4D3D-49BF-A26D-75B15ED18AE2}.Release|x86.Build.0 = Release|Win32
		{A63690D1-4D3D-49BF-A26D-75B15ED18AE2}.ReleaseDLL|x64.ActiveCfg = Release|x64
		{A63690D1-4D3D-49BF-A26D-75B15ED18AE2}.ReleaseDLL|x64.Build.0 = Release|x64
		{A63690D1-4D3D-49BF-A26D-75B15ED18AE2}.ReleaseDLL|x86.ActiveCfg = Release|Win32
		{A63690D1-4D3D-49BF-A26D-75B15ED18AE2}.ReleaseDLL|x86.Build.0 = Release|Win32
		{1CE871A7-8270-4506-9BC2-5B85CE5C84E9}.Debug|x64.ActiveCfg = Debug|x64
		{1CE871A7-8270-4506-9BC2-5B85CE5C84E9}.Debug|x64.Build.0 = Debug|x64
		{1CE871A7-8270-4506-9BC2-5B85CE5C84E9}.Debug|x86.ActiveCfg = Debug|Win32
		{1CE871A7-8270-4506-9BC2-5B85CE5C84E9}.Debug|x86.Build.0 = Debug|Win32
		{1CE871A7-8270-4506-9BC2-5B85CE5C84E9}.Release|x64.ActiveCfg = Release|x64
		{1CE871A7-8270-4506-9BC2-5B85CE5C84E9}.Release|x64.Build.0 = Release|x64
		{1CE871A7-8270-4506-9BC2-5B85CE5C84E9}.Release|x86.ActiveCfg = Release|Win32
		{1CE871A7-8270-4506-9BC2-5B85CE5C84E9}.Release|x86.Build.0 = Release|Win32
		{1CE871A7-8270-4506-9BC2-5B85CE5C84E9}.ReleaseDLL|x64.ActiveCfg = Release|x64
		{1CE871A7-8270-4506-9BC2-5B85CE5C84E9}.ReleaseDLL|x64.Build.0 = Release|x64
		{1CE871A7-8270-4506-9BC2-5B85CE5C84E9}.ReleaseDLL|x86.ActiveCfg = Release|Win32
		{1CE871A7-8270-4506-9BC2-5B85CE5C84E9}.ReleaseDLL|x86.Build.0 = Release|Win32
		{D6963B7B-D21E-40E8-B7FB-C0FE004933AA}.Debug|x64.ActiveCfg = Debug|x64
		{D6963B7B-D21E-40E8-B7FB-C0FE004933AA}.Debug|x64.Build.0 = Debug|x64
		{D6963B7B-D21E-40E8-B7FB-C0FE004933AA}.Debug|x86.ActiveCfg = Debug|Win32
		{D6963B7B-D21E-40E8-B7FB-C0FE004933AA}.Debug|x86.Build.0 = Debug|Win32
		{D6963B7B-D21E-40E8-B7FB-C0FE004933AA}.Release|x64.ActiveCfg = Release|x64
		{D6963B7B-D21E-40E8-B7FB-C0FE004933AA}.Release|x64.Build.0 = Release|x64
		{D6963B7B-D21E-40E8-B7FB-C0FE004933AA}.Release|x86.ActiveCfg = Release|Win32
		{D6963B7B-D21E-40E8-B7FB-C0FE004933AA}.Release|x86.Build.0 = Release|Win32
		{D6963B7B-D21E-40E8-B7FB-C0FE004933AA}.ReleaseDLL|x64.ActiveCfg = Release|x64
		{D6963B7B-D21E-40E8-B7FB-C0FE004933AA}.ReleaseDLL|x64.Build.0 = Release|x64
		{D6963B7B-D21E-40E8-B7FB-C0FE004933AA}.ReleaseDLL|x86.ActiveCfg = Release|Win32
		{D6963B7B-D21E-40E8-B7FB-C0FE004933AA}.ReleaseDLL|x86.Build.0 = Release|Win32
	EndGlobalSection
	GlobalSection(SolutionProperties) = preSolution
		HideSolutionNode = FALSE
	EndGlobalSection
	GlobalSection(ExtensibilityGlobals) = postSolution
		SolutionGuid = {0E5E0385-1C08-442E-A6B1-AC8F77AA07F3}
	EndGlobalSection
EndGlobal
